
Microsoft Visual Studio Solution File, Format Version 12.00
# Visual Studio Version 17
VisualStudioVersion = 17.1.32210.238
MinimumVisualStudioVersion = 10.0.40219.1
Project("{9A19103F-16F7-4668-BE54-9A1E7A4F7556}") = "TaxService", "TaxService\TaxService.csproj", "{0165773C-D0AE-4DD7-A34B-226FE85FF476}"
EndProject
Project("{9A19103F-16F7-4668-BE54-9A1E7A4F7556}") = "TaxServiceTest", "TaxServiceTest\TaxServiceTest.csproj", "{3A90B5B8-D66B-4FC5-8AD4-0A6D261050F9}"
EndProject
Project("{FAE04EC0-301F-11D3-BF4B-00C04F79EFBC}") = "BusinessObjects", "BusinessObjects\BusinessObjects.csproj", "{3CCBA46F-AEB8-4BE4-BE3E-EFF9C69AE75A}"
EndProject
Project("{FAE04EC0-301F-11D3-BF4B-00C04F79EFBC}") = "BusinessObjectsTest", "BusinessObjectsTest\BusinessObjectsTest.csproj", "{87D238E2-0B73-4FA0-AAF3-B6EAA450413A}"
EndProject
Global
	GlobalSection(SolutionConfigurationPlatforms) = preSolution
		Debug|Any CPU = Debug|Any CPU
		Release|Any CPU = Release|Any CPU
	EndGlobalSection
	GlobalSection(ProjectConfigurationPlatforms) = postSolution
		{0165773C-D0AE-4DD7-A34B-226FE85FF476}.Debug|Any CPU.ActiveCfg = Debug|Any CPU
		{0165773C-D0AE-4DD7-A34B-226FE85FF476}.Debug|Any CPU.Build.0 = Debug|Any CPU
		{0165773C-D0AE-4DD7-A34B-226FE85FF476}.Release|Any CPU.ActiveCfg = Release|Any CPU
		{0165773C-D0AE-4DD7-A34B-226FE85FF476}.Release|Any CPU.Build.0 = Release|Any CPU
		{3A90B5B8-D66B-4FC5-8AD4-0A6D261050F9}.Debug|Any CPU.ActiveCfg = Debug|Any CPU
		{3A90B5B8-D66B-4FC5-8AD4-0A6D261050F9}.Debug|Any CPU.Build.0 = Debug|Any CPU
		{3A90B5B8-D66B-4FC5-8AD4-0A6D261050F9}.Release|Any CPU.ActiveCfg = Release|Any CPU
		{3A90B5B8-D66B-4FC5-8AD4-0A6D261050F9}.Release|Any CPU.Build.0 = Release|Any CPU
		{3CCBA46F-AEB8-4BE4-BE3E-EFF9C69AE75A}.Debug|Any CPU.ActiveCfg = Debug|Any CPU
		{3CCBA46F-AEB8-4BE4-BE3E-EFF9C69AE75A}.Debug|Any CPU.Build.0 = Debug|Any CPU
		{3CCBA46F-AEB8-4BE4-BE3E-EFF9C69AE75A}.Release|Any CPU.ActiveCfg = Release|Any CPU
		{3CCBA46F-AEB8-4BE4-BE3E-EFF9C69AE75A}.Release|Any CPU.Build.0 = Release|Any CPU
		{87D238E2-0B73-4FA0-AAF3-B6EAA450413A}.Debug|Any CPU.ActiveCfg = Debug|Any CPU
		{87D238E2-0B73-4FA0-AAF3-B6EAA450413A}.Debug|Any CPU.Build.0 = Debug|Any CPU
		{87D238E2-0B73-4FA0-AAF3-B6EAA450413A}.Release|Any CPU.ActiveCfg = Release|Any CPU
		{87D238E2-0B73-4FA0-AAF3-B6EAA450413A}.Release|Any CPU.Build.0 = Release|Any CPU
	EndGlobalSection
	GlobalSection(SolutionProperties) = preSolution
		HideSolutionNode = FALSE
	EndGlobalSection
	GlobalSection(ExtensibilityGlobals) = postSolution
		SolutionGuid = {B48226D0-DB14-45A2-AADF-E683BF6D98D1}
	EndGlobalSection
EndGlobal
