
Microsoft Visual Studio Solution File, Format Version 12.00
# Visual Studio Version 17
VisualStudioVersion = 17.1.32210.238
MinimumVisualStudioVersion = 10.0.40219.1
Project("{FAE04EC0-301F-11D3-BF4B-00C04F79EFBC}") = "TaxService", "TaxService.csproj", "{1BA662CB-4A59-4000-80B9-C44C39634FC6}"
EndProject
Project("{FAE04EC0-301F-11D3-BF4B-00C04F79EFBC}") = "TaxServiceTest", "..\TaxServiceTest\TaxServiceTest.csproj", "{6D35EA77-8C9D-46EF-9C1F-4D55227D186B}"
EndProject
Project("{FAE04EC0-301F-11D3-BF4B-00C04F79EFBC}") = "TaxCalculator", "..\TaxCalculator\TaxCalculator.csproj", "{CE63E908-245C-4C62-9F52-D7CB24028411}"
EndProject
Global
	GlobalSection(SolutionConfigurationPlatforms) = preSolution
		Debug|Any CPU = Debug|Any CPU
		Release|Any CPU = Release|Any CPU
	EndGlobalSection
	GlobalSection(ProjectConfigurationPlatforms) = postSolution
		{1BA662CB-4A59-4000-80B9-C44C39634FC6}.Debug|Any CPU.ActiveCfg = Debug|Any CPU
		{1BA662CB-4A59-4000-80B9-C44C39634FC6}.Debug|Any CPU.Build.0 = Debug|Any CPU
		{1BA662CB-4A59-4000-80B9-C44C39634FC6}.Release|Any CPU.ActiveCfg = Release|Any CPU
		{1BA662CB-4A59-4000-80B9-C44C39634FC6}.Release|Any CPU.Build.0 = Release|Any CPU
		{6D35EA77-8C9D-46EF-9C1F-4D55227D186B}.Debug|Any CPU.ActiveCfg = Debug|Any CPU
		{6D35EA77-8C9D-46EF-9C1F-4D55227D186B}.Debug|Any CPU.Build.0 = Debug|Any CPU
		{6D35EA77-8C9D-46EF-9C1F-4D55227D186B}.Release|Any CPU.ActiveCfg = Release|Any CPU
		{6D35EA77-8C9D-46EF-9C1F-4D55227D186B}.Release|Any CPU.Build.0 = Release|Any CPU
		{CE63E908-245C-4C62-9F52-D7CB24028411}.Debug|Any CPU.ActiveCfg = Debug|Any CPU
		{CE63E908-245C-4C62-9F52-D7CB24028411}.Debug|Any CPU.Build.0 = Debug|Any CPU
		{CE63E908-245C-4C62-9F52-D7CB24028411}.Release|Any CPU.ActiveCfg = Release|Any CPU
		{CE63E908-245C-4C62-9F52-D7CB24028411}.Release|Any CPU.Build.0 = Release|Any CPU
	EndGlobalSection
	GlobalSection(SolutionProperties) = preSolution
		HideSolutionNode = FALSE
	EndGlobalSection
	GlobalSection(ExtensibilityGlobals) = postSolution
		SolutionGuid = {1F6FF5BE-60C2-4A8C-ADB1-268F4755E3A0}
	EndGlobalSection
EndGlobal
